
Microsoft Visual Studio Solution File, Format Version 12.00
# Visual Studio Version 17
VisualStudioVersion = 17.3.32901.215
MinimumVisualStudioVersion = 10.0.40219.1
Project("{FAE04EC0-301F-11D3-BF4B-00C04F79EFBC}") = "Restaurant.BL", "Restaurant.BL\Restaurant.BL.csproj", "{AC25E105-6ED5-4568-918F-02B2F00A2305}"
EndProject
Project("{FAE04EC0-301F-11D3-BF4B-00C04F79EFBC}") = "Restaurant.DL", "Restaurant.DL\Restaurant.DL.csproj", "{11BBA37F-39EE-4A75-9D5D-080E52F64BD2}"
EndProject
Project("{FAE04EC0-301F-11D3-BF4B-00C04F79EFBC}") = "Restaurant.API", "Restaurant.API\Restaurant.API.csproj", "{EE037801-21F7-4211-BBD7-484BD8D879DE}"
EndProject
Global
	GlobalSection(SolutionConfigurationPlatforms) = preSolution
		Debug|Any CPU = Debug|Any CPU
		Release|Any CPU = Release|Any CPU
	EndGlobalSection
	GlobalSection(ProjectConfigurationPlatforms) = postSolution
		{AC25E105-6ED5-4568-918F-02B2F00A2305}.Debug|Any CPU.ActiveCfg = Debug|Any CPU
		{AC25E105-6ED5-4568-918F-02B2F00A2305}.Debug|Any CPU.Build.0 = Debug|Any CPU
		{AC25E105-6ED5-4568-918F-02B2F00A2305}.Release|Any CPU.ActiveCfg = Release|Any CPU
		{AC25E105-6ED5-4568-918F-02B2F00A2305}.Release|Any CPU.Build.0 = Release|Any CPU
		{11BBA37F-39EE-4A75-9D5D-080E52F64BD2}.Debug|Any CPU.ActiveCfg = Debug|Any CPU
		{11BBA37F-39EE-4A75-9D5D-080E52F64BD2}.Debug|Any CPU.Build.0 = Debug|Any CPU
		{11BBA37F-39EE-4A75-9D5D-080E52F64BD2}.Release|Any CPU.ActiveCfg = Release|Any CPU
		{11BBA37F-39EE-4A75-9D5D-080E52F64BD2}.Release|Any CPU.Build.0 = Release|Any CPU
		{EE037801-21F7-4211-BBD7-484BD8D879DE}.Debug|Any CPU.ActiveCfg = Debug|Any CPU
		{EE037801-21F7-4211-BBD7-484BD8D879DE}.Debug|Any CPU.Build.0 = Debug|Any CPU
		{EE037801-21F7-4211-BBD7-484BD8D879DE}.Release|Any CPU.ActiveCfg = Release|Any CPU
		{EE037801-21F7-4211-BBD7-484BD8D879DE}.Release|Any CPU.Build.0 = Release|Any CPU
	EndGlobalSection
	GlobalSection(SolutionProperties) = preSolution
		HideSolutionNode = FALSE
	EndGlobalSection
	GlobalSection(ExtensibilityGlobals) = postSolution
		SolutionGuid = {5AC91215-EEC0-48CD-A79A-D7FEF71BC127}
	EndGlobalSection
EndGlobal
