
Microsoft Visual Studio Solution File, Format Version 12.00
# Visual Studio Version 17
VisualStudioVersion = 17.3.32901.215
MinimumVisualStudioVersion = 10.0.40219.1
Project("{9A19103F-16F7-4668-BE54-9A1E7A4F7556}") = "Restaurant.BL", "Restaurant.BL\Restaurant.BL.csproj", "{AC25E105-6ED5-4568-918F-02B2F00A2305}"
EndProject
Project("{9A19103F-16F7-4668-BE54-9A1E7A4F7556}") = "Restaurant.API", "Restaurant.API\Restaurant.API.csproj", "{EE037801-21F7-4211-BBD7-484BD8D879DE}"
EndProject
Project("{9A19103F-16F7-4668-BE54-9A1E7A4F7556}") = "Restaurant.EF", "Restaurant.EF\Restaurant.EF.csproj", "{AEE50DDE-D89A-4575-8AB3-AD434B9F8B0C}"
EndProject
Project("{9A19103F-16F7-4668-BE54-9A1E7A4F7556}") = "TestEF", "TestEF\TestEF.csproj", "{D1DDFD58-1593-4DE4-9C69-627B79375D31}"
EndProject
Project("{9A19103F-16F7-4668-BE54-9A1E7A4F7556}") = "Restaurant.UI", "Restaurant.UI\Restaurant.UI.csproj", "{4731D79E-14C8-426A-997F-C809AD0BAAF0}"
EndProject
Project("{FAE04EC0-301F-11D3-BF4B-00C04F79EFBC}") = "Restaurant.API.Tests", "Restaurant.API.Tests\Restaurant.API.Tests.csproj", "{9BCF0C17-DF58-4FBE-86E4-456893FD705C}"
EndProject
Global
	GlobalSection(SolutionConfigurationPlatforms) = preSolution
		Debug|Any CPU = Debug|Any CPU
		Release|Any CPU = Release|Any CPU
	EndGlobalSection
	GlobalSection(ProjectConfigurationPlatforms) = postSolution
		{AC25E105-6ED5-4568-918F-02B2F00A2305}.Debug|Any CPU.ActiveCfg = Debug|Any CPU
		{AC25E105-6ED5-4568-918F-02B2F00A2305}.Debug|Any CPU.Build.0 = Debug|Any CPU
		{AC25E105-6ED5-4568-918F-02B2F00A2305}.Release|Any CPU.ActiveCfg = Release|Any CPU
		{AC25E105-6ED5-4568-918F-02B2F00A2305}.Release|Any CPU.Build.0 = Release|Any CPU
		{EE037801-21F7-4211-BBD7-484BD8D879DE}.Debug|Any CPU.ActiveCfg = Debug|Any CPU
		{EE037801-21F7-4211-BBD7-484BD8D879DE}.Debug|Any CPU.Build.0 = Debug|Any CPU
		{EE037801-21F7-4211-BBD7-484BD8D879DE}.Release|Any CPU.ActiveCfg = Release|Any CPU
		{EE037801-21F7-4211-BBD7-484BD8D879DE}.Release|Any CPU.Build.0 = Release|Any CPU
		{AEE50DDE-D89A-4575-8AB3-AD434B9F8B0C}.Debug|Any CPU.ActiveCfg = Debug|Any CPU
		{AEE50DDE-D89A-4575-8AB3-AD434B9F8B0C}.Debug|Any CPU.Build.0 = Debug|Any CPU
		{AEE50DDE-D89A-4575-8AB3-AD434B9F8B0C}.Release|Any CPU.ActiveCfg = Release|Any CPU
		{AEE50DDE-D89A-4575-8AB3-AD434B9F8B0C}.Release|Any CPU.Build.0 = Release|Any CPU
		{D1DDFD58-1593-4DE4-9C69-627B79375D31}.Debug|Any CPU.ActiveCfg = Debug|Any CPU
		{D1DDFD58-1593-4DE4-9C69-627B79375D31}.Debug|Any CPU.Build.0 = Debug|Any CPU
		{D1DDFD58-1593-4DE4-9C69-627B79375D31}.Release|Any CPU.ActiveCfg = Release|Any CPU
		{D1DDFD58-1593-4DE4-9C69-627B79375D31}.Release|Any CPU.Build.0 = Release|Any CPU
		{4731D79E-14C8-426A-997F-C809AD0BAAF0}.Debug|Any CPU.ActiveCfg = Debug|Any CPU
		{4731D79E-14C8-426A-997F-C809AD0BAAF0}.Debug|Any CPU.Build.0 = Debug|Any CPU
		{4731D79E-14C8-426A-997F-C809AD0BAAF0}.Release|Any CPU.ActiveCfg = Release|Any CPU
		{4731D79E-14C8-426A-997F-C809AD0BAAF0}.Release|Any CPU.Build.0 = Release|Any CPU
		{9BCF0C17-DF58-4FBE-86E4-456893FD705C}.Debug|Any CPU.ActiveCfg = Debug|Any CPU
		{9BCF0C17-DF58-4FBE-86E4-456893FD705C}.Debug|Any CPU.Build.0 = Debug|Any CPU
		{9BCF0C17-DF58-4FBE-86E4-456893FD705C}.Release|Any CPU.ActiveCfg = Release|Any CPU
		{9BCF0C17-DF58-4FBE-86E4-456893FD705C}.Release|Any CPU.Build.0 = Release|Any CPU
	EndGlobalSection
	GlobalSection(SolutionProperties) = preSolution
		HideSolutionNode = FALSE
	EndGlobalSection
	GlobalSection(ExtensibilityGlobals) = postSolution
		SolutionGuid = {5AC91215-EEC0-48CD-A79A-D7FEF71BC127}
	EndGlobalSection
EndGlobal
